
Microsoft Visual Studio Solution File, Format Version 12.00
# Visual Studio Version 17
VisualStudioVersion = 17.3.32922.545
MinimumVisualStudioVersion = 10.0.40219.1
Project("{FAE04EC0-301F-11D3-BF4B-00C04F79EFBC}") = "XifanPet", "XifanPet\XifanPet.csproj", "{9A0B1E35-003D-4CF1-BFA2-C7E58A09C770}"
EndProject
Project("{FAE04EC0-301F-11D3-BF4B-00C04F79EFBC}") = "Iplugin", "Iplugin\Iplugin.csproj", "{8BD7D691-A8B9-4C35-9C85-F0653606E1A1}"
EndProject
Project("{FAE04EC0-301F-11D3-BF4B-00C04F79EFBC}") = "PetCommon", "PetCommon\PetCommon.csproj", "{44CE3A5D-F3D4-4813-9A08-1B2F2CA5D5C3}"
EndProject
Project("{FAE04EC0-301F-11D3-BF4B-00C04F79EFBC}") = "Rep", "Rep\Rep.csproj", "{0545C521-4624-46A0-B3C4-599C8612CF3E}"
EndProject
Project("{FAE04EC0-301F-11D3-BF4B-00C04F79EFBC}") = "FileDescription", "FileDescription\FileDescription.csproj", "{3D61B072-38BF-47AE-80BD-9C2962335914}"
EndProject
Project("{FAE04EC0-301F-11D3-BF4B-00C04F79EFBC}") = "Fish", "Fish\Fish.csproj", "{F240491B-A0D6-4121-8747-915D3B5B6C2F}"
EndProject
Project("{FAE04EC0-301F-11D3-BF4B-00C04F79EFBC}") = "Clock1", "Clock1\Clock1.csproj", "{D2832872-669A-4FBB-BC81-E3979647F465}"
EndProject
Project("{FAE04EC0-301F-11D3-BF4B-00C04F79EFBC}") = "DesktopCalendar", "DesktopCalendar\DesktopCalendar.csproj", "{19E30794-23F5-4BBD-8A39-AAA1561EEBCC}"
EndProject
Project("{FAE04EC0-301F-11D3-BF4B-00C04F79EFBC}") = "Clock2", "Clock2\Clock2.csproj", "{F929B16A-7C10-4A6D-B3A8-CA422F22CA84}"
EndProject
Project("{2150E333-8FDC-42A3-9474-1A3956D46DE8}") = "Clock", "Clock", "{02EA681E-C7D8-13C7-8484-4AC65E1B71E8}"
EndProject
Project("{2150E333-8FDC-42A3-9474-1A3956D46DE8}") = "Calendar", "Calendar", "{125F4A14-5D03-417B-90A8-131C5B887FB1}"
EndProject
Project("{FAE04EC0-301F-11D3-BF4B-00C04F79EFBC}") = "Calendar1", "Calendar1\Calendar1.csproj", "{52253D2E-65D9-4E1A-A549-37D8B643580D}"
EndProject
Project("{FAE04EC0-301F-11D3-BF4B-00C04F79EFBC}") = "Clock3", "Clock\Clock3\Clock3.csproj", "{414245AF-33ED-4F96-80FB-91506BBD96E1}"
EndProject
Global
	GlobalSection(SolutionConfigurationPlatforms) = preSolution
		Debug|Any CPU = Debug|Any CPU
		Release|Any CPU = Release|Any CPU
	EndGlobalSection
	GlobalSection(ProjectConfigurationPlatforms) = postSolution
		{9A0B1E35-003D-4CF1-BFA2-C7E58A09C770}.Debug|Any CPU.ActiveCfg = Debug|Any CPU
		{9A0B1E35-003D-4CF1-BFA2-C7E58A09C770}.Debug|Any CPU.Build.0 = Debug|Any CPU
		{9A0B1E35-003D-4CF1-BFA2-C7E58A09C770}.Release|Any CPU.ActiveCfg = Release|Any CPU
		{9A0B1E35-003D-4CF1-BFA2-C7E58A09C770}.Release|Any CPU.Build.0 = Release|Any CPU
		{8BD7D691-A8B9-4C35-9C85-F0653606E1A1}.Debug|Any CPU.ActiveCfg = Debug|Any CPU
		{8BD7D691-A8B9-4C35-9C85-F0653606E1A1}.Debug|Any CPU.Build.0 = Debug|Any CPU
		{8BD7D691-A8B9-4C35-9C85-F0653606E1A1}.Release|Any CPU.ActiveCfg = Release|Any CPU
		{8BD7D691-A8B9-4C35-9C85-F0653606E1A1}.Release|Any CPU.Build.0 = Release|Any CPU
		{44CE3A5D-F3D4-4813-9A08-1B2F2CA5D5C3}.Debug|Any CPU.ActiveCfg = Debug|Any CPU
		{44CE3A5D-F3D4-4813-9A08-1B2F2CA5D5C3}.Debug|Any CPU.Build.0 = Debug|Any CPU
		{44CE3A5D-F3D4-4813-9A08-1B2F2CA5D5C3}.Release|Any CPU.ActiveCfg = Release|Any CPU
		{44CE3A5D-F3D4-4813-9A08-1B2F2CA5D5C3}.Release|Any CPU.Build.0 = Release|Any CPU
		{0545C521-4624-46A0-B3C4-599C8612CF3E}.Debug|Any CPU.ActiveCfg = Debug|Any CPU
		{0545C521-4624-46A0-B3C4-599C8612CF3E}.Debug|Any CPU.Build.0 = Debug|Any CPU
		{0545C521-4624-46A0-B3C4-599C8612CF3E}.Release|Any CPU.ActiveCfg = Release|Any CPU
		{0545C521-4624-46A0-B3C4-599C8612CF3E}.Release|Any CPU.Build.0 = Release|Any CPU
		{3D61B072-38BF-47AE-80BD-9C2962335914}.Debug|Any CPU.ActiveCfg = Debug|Any CPU
		{3D61B072-38BF-47AE-80BD-9C2962335914}.Debug|Any CPU.Build.0 = Debug|Any CPU
		{3D61B072-38BF-47AE-80BD-9C2962335914}.Release|Any CPU.ActiveCfg = Release|Any CPU
		{3D61B072-38BF-47AE-80BD-9C2962335914}.Release|Any CPU.Build.0 = Release|Any CPU
		{F240491B-A0D6-4121-8747-915D3B5B6C2F}.Debug|Any CPU.ActiveCfg = Debug|Any CPU
		{F240491B-A0D6-4121-8747-915D3B5B6C2F}.Debug|Any CPU.Build.0 = Debug|Any CPU
		{F240491B-A0D6-4121-8747-915D3B5B6C2F}.Release|Any CPU.ActiveCfg = Release|Any CPU
		{F240491B-A0D6-4121-8747-915D3B5B6C2F}.Release|Any CPU.Build.0 = Release|Any CPU
		{D2832872-669A-4FBB-BC81-E3979647F465}.Debug|Any CPU.ActiveCfg = Debug|Any CPU
		{D2832872-669A-4FBB-BC81-E3979647F465}.Debug|Any CPU.Build.0 = Debug|Any CPU
		{D2832872-669A-4FBB-BC81-E3979647F465}.Release|Any CPU.ActiveCfg = Release|Any CPU
		{D2832872-669A-4FBB-BC81-E3979647F465}.Release|Any CPU.Build.0 = Release|Any CPU
		{19E30794-23F5-4BBD-8A39-AAA1561EEBCC}.Debug|Any CPU.ActiveCfg = Debug|Any CPU
		{19E30794-23F5-4BBD-8A39-AAA1561EEBCC}.Debug|Any CPU.Build.0 = Debug|Any CPU
		{19E30794-23F5-4BBD-8A39-AAA1561EEBCC}.Release|Any CPU.ActiveCfg = Release|Any CPU
		{19E30794-23F5-4BBD-8A39-AAA1561EEBCC}.Release|Any CPU.Build.0 = Release|Any CPU
		{F929B16A-7C10-4A6D-B3A8-CA422F22CA84}.Debug|Any CPU.ActiveCfg = Debug|Any CPU
		{F929B16A-7C10-4A6D-B3A8-CA422F22CA84}.Debug|Any CPU.Build.0 = Debug|Any CPU
		{F929B16A-7C10-4A6D-B3A8-CA422F22CA84}.Release|Any CPU.ActiveCfg = Release|Any CPU
		{F929B16A-7C10-4A6D-B3A8-CA422F22CA84}.Release|Any CPU.Build.0 = Release|Any CPU
		{52253D2E-65D9-4E1A-A549-37D8B643580D}.Debug|Any CPU.ActiveCfg = Debug|Any CPU
		{52253D2E-65D9-4E1A-A549-37D8B643580D}.Debug|Any CPU.Build.0 = Debug|Any CPU
		{52253D2E-65D9-4E1A-A549-37D8B643580D}.Release|Any CPU.ActiveCfg = Release|Any CPU
		{52253D2E-65D9-4E1A-A549-37D8B643580D}.Release|Any CPU.Build.0 = Release|Any CPU
		{414245AF-33ED-4F96-80FB-91506BBD96E1}.Debug|Any CPU.ActiveCfg = Debug|Any CPU
		{414245AF-33ED-4F96-80FB-91506BBD96E1}.Debug|Any CPU.Build.0 = Debug|Any CPU
		{414245AF-33ED-4F96-80FB-91506BBD96E1}.Release|Any CPU.ActiveCfg = Release|Any CPU
		{414245AF-33ED-4F96-80FB-91506BBD96E1}.Release|Any CPU.Build.0 = Release|Any CPU
	EndGlobalSection
	GlobalSection(SolutionProperties) = preSolution
		HideSolutionNode = FALSE
	EndGlobalSection
	GlobalSection(NestedProjects) = preSolution
		{D2832872-669A-4FBB-BC81-E3979647F465} = {02EA681E-C7D8-13C7-8484-4AC65E1B71E8}
		{19E30794-23F5-4BBD-8A39-AAA1561EEBCC} = {125F4A14-5D03-417B-90A8-131C5B887FB1}
		{F929B16A-7C10-4A6D-B3A8-CA422F22CA84} = {02EA681E-C7D8-13C7-8484-4AC65E1B71E8}
		{52253D2E-65D9-4E1A-A549-37D8B643580D} = {125F4A14-5D03-417B-90A8-131C5B887FB1}
		{414245AF-33ED-4F96-80FB-91506BBD96E1} = {02EA681E-C7D8-13C7-8484-4AC65E1B71E8}
	EndGlobalSection
	GlobalSection(ExtensibilityGlobals) = postSolution
		SolutionGuid = {B7F68508-C7EC-4619-8F9B-AC142821DA37}
	EndGlobalSection
EndGlobal
